# @generated - this file is auto-generated by `mise lock` https://mise.jdx.dev/dev-tools/mise-lock.html

[[tools.biome]]
version = "2.5.13"
backend = "aqua:biomejs/biome"

[tools.biome."platforms.linux-arm64"]
checksum = "sha256:c5f0cf249b1ef1d730376ef61390341e4fdcdb2f79a7fe94a2dacd6af6241958"
url = "https://github.com/biomejs/biome/releases/download/%40biomejs/biome%402.5.13/biome-linux-arm64"
url_api = "https://api.github.com/repos/biomejs/biome/releases/assets/554847321"
provenance = "github-attestations"

[tools.biome."platforms.linux-arm64-musl"]
checksum = "sha256:41ea15898cb3da3fcc90388671ac88c197f80c4ff681cff56a1cdd5433266524"
url = "https://github.com/biomejs/biome/releases/download/%40biomejs/biome%402.5.13/biome-linux-arm64-musl"
url_api = "https://api.github.com/repos/biomejs/biome/releases/assets/554847322"
provenance = "github-attestations"

[tools.biome."platforms.linux-x64"]
checksum = "sha256:2037af3d666febdb6e1a2f549938d6f0fe961bad0ac1a34c5fee3dec2db0b43e"
url = "https://github.com/biomejs/biome/releases/download/%40biomejs/biome%402.5.13/biome-linux-x64"
url_api = "https://api.github.com/repos/biomejs/biome/releases/assets/554847323"
provenance = "github-attestations"

[tools.biome."platforms.linux-x64-musl"]
checksum = "sha256:bcf687baae8fcb2e15e1dff8dc2557a98295d26debfb1e353a2cdb01f63a9e62"
url = "https://github.com/biomejs/biome/releases/download/%40biomejs/biome%402.5.13/biome-linux-x64-musl"
url_api = "https://api.github.com/repos/biomejs/biome/releases/assets/554847316"
provenance = "github-attestations"

[tools.biome."platforms.macos-arm64"]
checksum = "sha256:3d0cff7e4cd35a1709c1f4f9568380e08b3551ecf6e7356b3a49a40e3611894b"
url = "https://github.com/biomejs/biome/releases/download/%40biomejs/biome%402.5.13/biome-darwin-arm64"
url_api = "https://api.github.com/repos/biomejs/biome/releases/assets/554847319"
provenance = "github-attestations"

[tools.biome."platforms.macos-x64"]
checksum = "sha256:16f162b37f5bfca9d203dd8a05b20a3aaa6fee806f6ae0e1f8792331a6072238"
url = "https://github.com/biomejs/biome/releases/download/%40biomejs/biome%402.5.13/biome-darwin-x64"
url_api = "https://api.github.com/repos/biomejs/biome/releases/assets/554847324"
provenance = "github-attestations"

[tools.biome."platforms.windows-x64"]
checksum = "sha256:3d7ce7840c4b47db771f258bd2258eecdae820a4bad376b9740af5bb9bb4d75d"
url = "https://github.com/biomejs/biome/releases/download/%40biomejs/biome%402.5.13/biome-win32-x64.exe"
url_api = "https://api.github.com/repos/biomejs/biome/releases/assets/554847315"
provenance = "github-attestations"

[[tools.node]]
version = "24.21.0"
backend = "core:node"

[tools.node."platforms.linux-arm64"]
checksum = "sha256:724282c3b43aec998aa9527380465b45d229e021b58035f5f4f63095eabfe5d5"
url = "https://nodejs.org/dist/v24.21.0/node-v24.21.0-linux-arm64.tar.gz"

[tools.node."platforms.linux-arm64-musl"]
checksum = "sha256:3048b0811e158ca0d8672b59c839861763e144492980d8d29b369dfee45747e4"
url = "https://unofficial-builds.nodejs.org/download/release/v24.21.0/node-v24.21.0-linux-arm64-musl.tar.gz"

[tools.node."platforms.linux-x64"]
checksum = "sha256:6e1db87ef58b8819e5d5402eff1536491b18edd8eb7bee5ef7897876e88dc5ff"
url = "https://nodejs.org/dist/v24.21.0/node-v24.21.0-linux-x64.tar.gz"

[tools.node."platforms.linux-x64-musl"]
checksum = "sha256:01a713e34da98e7b4d2a3191ee7ca3f93dd0384d1a2ef23c379b2161ee6e133a"
url = "https://unofficial-builds.nodejs.org/download/release/v24.21.0/node-v24.21.0-linux-x64-musl.tar.gz"

[tools.node."platforms.macos-arm64"]
checksum = "sha256:bed7eea5325e1108f32ce5228ddd6a5f0f08a499ee42aa7442aea583702f6057"
url = "https://nodejs.org/dist/v24.21.0/node-v24.21.0-darwin-arm64.tar.gz"

[tools.node."platforms.macos-x64"]
checksum = "sha256:1462cb3b3046b815cf8ea436d3da450ec1a9f11dac7e5a46b0ada5305d7e8097"
url = "https://nodejs.org/dist/v24.21.0/node-v24.21.0-darwin-x64.tar.gz"

[tools.node."platforms.windows-x64"]
checksum = "sha256:158f7685b44de51f6c0df1d153526cbcd3e1bc739a8dfc607721cef75de9e541"
url = "https://nodejs.org/dist/v24.21.0/node-v24.21.0-win-x64.zip"
